
Microsoft Visual Studio Solution File, Format Version 12.00
# Visual Studio Version 17
VisualStudioVersion = 17.9.34701.34
MinimumVisualStudioVersion = 10.0.40219.1
Project("{FAE04EC0-301F-11D3-BF4B-00C04F79EFBC}") = "Api-NET8", "Api-NET8.csproj", "{AA0234F9-C472-4227-B4AA-45875BEF34F7}"
EndProject
Global
	GlobalSection(SolutionConfigurationPlatforms) = preSolution
		Debug|Any CPU = Debug|Any CPU
		Release|Any CPU = Release|Any CPU
	EndGlobalSection
	GlobalSection(ProjectConfigurationPlatforms) = postSolution
		{AA0234F9-C472-4227-B4AA-45875BEF34F7}.Debug|Any CPU.ActiveCfg = Debug|Any CPU
		{AA0234F9-C472-4227-B4AA-45875BEF34F7}.Debug|Any CPU.Build.0 = Debug|Any CPU
		{AA0234F9-C472-4227-B4AA-45875BEF34F7}.Release|Any CPU.ActiveCfg = Release|Any CPU
		{AA0234F9-C472-4227-B4AA-45875BEF34F7}.Release|Any CPU.Build.0 = Release|Any CPU
	EndGlobalSection
	GlobalSection(SolutionProperties) = preSolution
		HideSolutionNode = FALSE
	EndGlobalSection
	GlobalSection(ExtensibilityGlobals) = postSolution
		SolutionGuid = {407BDA66-2C83-4093-A860-752A920D3679}
	EndGlobalSection
EndGlobal
